
Microsoft Visual Studio Solution File, Format Version 12.00
# Visual Studio Version 16
VisualStudioVersion = 16.0.30717.126
MinimumVisualStudioVersion = 10.0.40219.1
Project("{9A19103F-16F7-4668-BE54-9A1E7A4F7556}") = "MiniMan", "MiniMan.csproj", "{AD0CC26A-5961-4AB9-BB11-8F7DE749D9C7}"
EndProject
Project("{FAE04EC0-301F-11D3-BF4B-00C04F79EFBC}") = "GameEditor", "..\GameEditor\GameEditor.csproj", "{ACC647DE-CB13-4CFA-85FC-11D14B0FA857}"
EndProject
Global
	GlobalSection(SolutionConfigurationPlatforms) = preSolution
		Debug|Any CPU = Debug|Any CPU
		Release|Any CPU = Release|Any CPU
	EndGlobalSection
	GlobalSection(ProjectConfigurationPlatforms) = postSolution
		{AD0CC26A-5961-4AB9-BB11-8F7DE749D9C7}.Debug|Any CPU.ActiveCfg = Debug|Any CPU
		{AD0CC26A-5961-4AB9-BB11-8F7DE749D9C7}.Debug|Any CPU.Build.0 = Debug|Any CPU
		{AD0CC26A-5961-4AB9-BB11-8F7DE749D9C7}.Release|Any CPU.ActiveCfg = Release|Any CPU
		{AD0CC26A-5961-4AB9-BB11-8F7DE749D9C7}.Release|Any CPU.Build.0 = Release|Any CPU
		{ACC647DE-CB13-4CFA-85FC-11D14B0FA857}.Debug|Any CPU.ActiveCfg = Debug|Any CPU
		{ACC647DE-CB13-4CFA-85FC-11D14B0FA857}.Debug|Any CPU.Build.0 = Debug|Any CPU
		{ACC647DE-CB13-4CFA-85FC-11D14B0FA857}.Release|Any CPU.ActiveCfg = Release|Any CPU
		{ACC647DE-CB13-4CFA-85FC-11D14B0FA857}.Release|Any CPU.Build.0 = Release|Any CPU
	EndGlobalSection
	GlobalSection(SolutionProperties) = preSolution
		HideSolutionNode = FALSE
	EndGlobalSection
	GlobalSection(ExtensibilityGlobals) = postSolution
		SolutionGuid = {86EAECF5-A4EF-4556-B44D-35E85D59E7A1}
	EndGlobalSection
EndGlobal
